
Microsoft Visual Studio Solution File, Format Version 12.00
# Visual Studio 15
VisualStudioVersion = 15.0.27004.2006
MinimumVisualStudioVersion = 10.0.40219.1
Project("{FAE04EC0-301F-11D3-BF4B-00C04F79EFBC}") = "TimesheetGPS.Android", "TimesheetGPS\TimesheetGPS.Android\TimesheetGPS.Android.csproj", "{1F86594B-5730-4508-9BC6-12531F492CCC}"
EndProject
Project("{FAE04EC0-301F-11D3-BF4B-00C04F79EFBC}") = "TimesheetGPS", "TimesheetGPS\TimesheetGPS\TimesheetGPS.csproj", "{EED05ADA-621C-4C9E-8D07-57E20DA65F61}"
EndProject
Project("{FAE04EC0-301F-11D3-BF4B-00C04F79EFBC}") = "TimesheetGPS.iOS", "TimesheetGPS\TimesheetGPS.iOS\TimesheetGPS.iOS.csproj", "{517FCCC7-F9F7-4219-B686-E1F47249EFCA}"
EndProject
Global
	GlobalSection(SolutionConfigurationPlatforms) = preSolution
		Ad-Hoc|Any CPU = Ad-Hoc|Any CPU
		Ad-Hoc|ARM = Ad-Hoc|ARM
		Ad-Hoc|iPhone = Ad-Hoc|iPhone
		Ad-Hoc|iPhoneSimulator = Ad-Hoc|iPhoneSimulator
		Ad-Hoc|x64 = Ad-Hoc|x64
		Ad-Hoc|x86 = Ad-Hoc|x86
		AppStore|Any CPU = AppStore|Any CPU
		AppStore|ARM = AppStore|ARM
		AppStore|iPhone = AppStore|iPhone
		AppStore|iPhoneSimulator = AppStore|iPhoneSimulator
		AppStore|x64 = AppStore|x64
		AppStore|x86 = AppStore|x86
		DaveiPhone|Any CPU = DaveiPhone|Any CPU
		DaveiPhone|ARM = DaveiPhone|ARM
		DaveiPhone|iPhone = DaveiPhone|iPhone
		DaveiPhone|iPhoneSimulator = DaveiPhone|iPhoneSimulator
		DaveiPhone|x64 = DaveiPhone|x64
		DaveiPhone|x86 = DaveiPhone|x86
		Debug|Any CPU = Debug|Any CPU
		Debug|ARM = Debug|ARM
		Debug|iPhone = Debug|iPhone
		Debug|iPhoneSimulator = Debug|iPhoneSimulator
		Debug|x64 = Debug|x64
		Debug|x86 = Debug|x86
		Release|Any CPU = Release|Any CPU
		Release|ARM = Release|ARM
		Release|iPhone = Release|iPhone
		Release|iPhoneSimulator = Release|iPhoneSimulator
		Release|x64 = Release|x64
		Release|x86 = Release|x86
	EndGlobalSection
	GlobalSection(ProjectConfigurationPlatforms) = postSolution
		{1F86594B-5730-4508-9BC6-12531F492CCC}.Ad-Hoc|Any CPU.ActiveCfg = Release|Any CPU
		{1F86594B-5730-4508-9BC6-12531F492CCC}.Ad-Hoc|Any CPU.Build.0 = Release|Any CPU
		{1F86594B-5730-4508-9BC6-12531F492CCC}.Ad-Hoc|Any CPU.Deploy.0 = Release|Any CPU
		{1F86594B-5730-4508-9BC6-12531F492CCC}.Ad-Hoc|ARM.ActiveCfg = Release|Any CPU
		{1F86594B-5730-4508-9BC6-12531F492CCC}.Ad-Hoc|ARM.Build.0 = Release|Any CPU
		{1F86594B-5730-4508-9BC6-12531F492CCC}.Ad-Hoc|ARM.Deploy.0 = Release|Any CPU
		{1F86594B-5730-4508-9BC6-12531F492CCC}.Ad-Hoc|iPhone.ActiveCfg = Release|Any CPU
		{1F86594B-5730-4508-9BC6-12531F492CCC}.Ad-Hoc|iPhoneSimulator.ActiveCfg = Debug|Any CPU
		{1F86594B-5730-4508-9BC6-12531F492CCC}.Ad-Hoc|x64.ActiveCfg = Release|Any CPU
		{1F86594B-5730-4508-9BC6-12531F492CCC}.Ad-Hoc|x64.Build.0 = Release|Any CPU
		{1F86594B-5730-4508-9BC6-12531F492CCC}.Ad-Hoc|x64.Deploy.0 = Release|Any CPU
		{1F86594B-5730-4508-9BC6-12531F492CCC}.Ad-Hoc|x86.ActiveCfg = Release|Any CPU
		{1F86594B-5730-4508-9BC6-12531F492CCC}.Ad-Hoc|x86.Build.0 = Release|Any CPU
		{1F86594B-5730-4508-9BC6-12531F492CCC}.Ad-Hoc|x86.Deploy.0 = Release|Any CPU
		{1F86594B-5730-4508-9BC6-12531F492CCC}.AppStore|Any CPU.ActiveCfg = Release|Any CPU
		{1F86594B-5730-4508-9BC6-12531F492CCC}.AppStore|Any CPU.Build.0 = Release|Any CPU
		{1F86594B-5730-4508-9BC6-12531F492CCC}.AppStore|Any CPU.Deploy.0 = Release|Any CPU
		{1F86594B-5730-4508-9BC6-12531F492CCC}.AppStore|ARM.ActiveCfg = Release|Any CPU
		{1F86594B-5730-4508-9BC6-12531F492CCC}.AppStore|ARM.Build.0 = Release|Any CPU
		{1F86594B-5730-4508-9BC6-12531F492CCC}.AppStore|ARM.Deploy.0 = Release|Any CPU
		{1F86594B-5730-4508-9BC6-12531F492CCC}.AppStore|iPhone.ActiveCfg = Release|Any CPU
		{1F86594B-5730-4508-9BC6-12531F492CCC}.AppStore|iPhone.Build.0 = Release|Any CPU
		{1F86594B-5730-4508-9BC6-12531F492CCC}.AppStore|iPhone.Deploy.0 = Release|Any CPU
		{1F86594B-5730-4508-9BC6-12531F492CCC}.AppStore|iPhoneSimulator.ActiveCfg = Release|Any CPU
		{1F86594B-5730-4508-9BC6-12531F492CCC}.AppStore|iPhoneSimulator.Build.0 = Release|Any CPU
		{1F86594B-5730-4508-9BC6-12531F492CCC}.AppStore|iPhoneSimulator.Deploy.0 = Release|Any CPU
		{1F86594B-5730-4508-9BC6-12531F492CCC}.AppStore|x64.ActiveCfg = Release|Any CPU
		{1F86594B-5730-4508-9BC6-12531F492CCC}.AppStore|x64.Build.0 = Release|Any CPU
		{1F86594B-5730-4508-9BC6-12531F492CCC}.AppStore|x64.Deploy.0 = Release|Any CPU
		{1F86594B-5730-4508-9BC6-12531F492CCC}.AppStore|x86.ActiveCfg = Release|Any CPU
		{1F86594B-5730-4508-9BC6-12531F492CCC}.AppStore|x86.Build.0 = Release|Any CPU
		{1F86594B-5730-4508-9BC6-12531F492CCC}.AppStore|x86.Deploy.0 = Release|Any CPU
		{1F86594B-5730-4508-9BC6-12531F492CCC}.DaveiPhone|Any CPU.ActiveCfg = DaveiPhone|Any CPU
		{1F86594B-5730-4508-9BC6-12531F492CCC}.DaveiPhone|ARM.ActiveCfg = DaveiPhone|Any CPU
		{1F86594B-5730-4508-9BC6-12531F492CCC}.DaveiPhone|ARM.Build.0 = DaveiPhone|Any CPU
		{1F86594B-5730-4508-9BC6-12531F492CCC}.DaveiPhone|ARM.Deploy.0 = DaveiPhone|Any CPU
		{1F86594B-5730-4508-9BC6-12531F492CCC}.DaveiPhone|iPhone.ActiveCfg = DaveiPhone|Any CPU
		{1F86594B-5730-4508-9BC6-12531F492CCC}.DaveiPhone|iPhone.Build.0 = DaveiPhone|Any CPU
		{1F86594B-5730-4508-9BC6-12531F492CCC}.DaveiPhone|iPhone.Deploy.0 = DaveiPhone|Any CPU
		{1F86594B-5730-4508-9BC6-12531F492CCC}.DaveiPhone|iPhoneSimulator.ActiveCfg = DaveiPhone|Any CPU
		{1F86594B-5730-4508-9BC6-12531F492CCC}.DaveiPhone|iPhoneSimulator.Build.0 = DaveiPhone|Any CPU
		{1F86594B-5730-4508-9BC6-12531F492CCC}.DaveiPhone|iPhoneSimulator.Deploy.0 = DaveiPhone|Any CPU
		{1F86594B-5730-4508-9BC6-12531F492CCC}.DaveiPhone|x64.ActiveCfg = DaveiPhone|Any CPU
		{1F86594B-5730-4508-9BC6-12531F492CCC}.DaveiPhone|x64.Build.0 = DaveiPhone|Any CPU
		{1F86594B-5730-4508-9BC6-12531F492CCC}.DaveiPhone|x64.Deploy.0 = DaveiPhone|Any CPU
		{1F86594B-5730-4508-9BC6-12531F492CCC}.DaveiPhone|x86.ActiveCfg = DaveiPhone|Any CPU
		{1F86594B-5730-4508-9BC6-12531F492CCC}.DaveiPhone|x86.Build.0 = DaveiPhone|Any CPU
		{1F86594B-5730-4508-9BC6-12531F492CCC}.DaveiPhone|x86.Deploy.0 = DaveiPhone|Any CPU
		{1F86594B-5730-4508-9BC6-12531F492CCC}.Debug|Any CPU.ActiveCfg = Debug|Any CPU
		{1F86594B-5730-4508-9BC6-12531F492CCC}.Debug|Any CPU.Build.0 = Debug|Any CPU
		{1F86594B-5730-4508-9BC6-12531F492CCC}.Debug|Any CPU.Deploy.0 = Debug|Any CPU
		{1F86594B-5730-4508-9BC6-12531F492CCC}.Debug|ARM.ActiveCfg = Debug|Any CPU
		{1F86594B-5730-4508-9BC6-12531F492CCC}.Debug|ARM.Build.0 = Debug|Any CPU
		{1F86594B-5730-4508-9BC6-12531F492CCC}.Debug|ARM.Deploy.0 = Debug|Any CPU
		{1F86594B-5730-4508-9BC6-12531F492CCC}.Debug|iPhone.ActiveCfg = Debug|Any CPU
		{1F86594B-5730-4508-9BC6-12531F492CCC}.Debug|iPhone.Build.0 = Debug|Any CPU
		{1F86594B-5730-4508-9BC6-12531F492CCC}.Debug|iPhone.Deploy.0 = Debug|Any CPU
		{1F86594B-5730-4508-9BC6-12531F492CCC}.Debug|iPhoneSimulator.ActiveCfg = Debug|Any CPU
		{1F86594B-5730-4508-9BC6-12531F492CCC}.Debug|iPhoneSimulator.Build.0 = Debug|Any CPU
		{1F86594B-5730-4508-9BC6-12531F492CCC}.Debug|iPhoneSimulator.Deploy.0 = Debug|Any CPU
		{1F86594B-5730-4508-9BC6-12531F492CCC}.Debug|x64.ActiveCfg = Debug|Any CPU
		{1F86594B-5730-4508-9BC6-12531F492CCC}.Debug|x64.Build.0 = Debug|Any CPU
		{1F86594B-5730-4508-9BC6-12531F492CCC}.Debug|x64.Deploy.0 = Debug|Any CPU
		{1F86594B-5730-4508-9BC6-12531F492CCC}.Debug|x86.ActiveCfg = Debug|Any CPU
		{1F86594B-5730-4508-9BC6-12531F492CCC}.Debug|x86.Build.0 = Debug|Any CPU
		{1F86594B-5730-4508-9BC6-12531F492CCC}.Debug|x86.Deploy.0 = Debug|Any CPU
		{1F86594B-5730-4508-9BC6-12531F492CCC}.Release|Any CPU.ActiveCfg = Release|Any CPU
		{1F86594B-5730-4508-9BC6-12531F492CCC}.Release|Any CPU.Build.0 = Release|Any CPU
		{1F86594B-5730-4508-9BC6-12531F492CCC}.Release|Any CPU.Deploy.0 = Release|Any CPU
		{1F86594B-5730-4508-9BC6-12531F492CCC}.Release|ARM.ActiveCfg = Release|Any CPU
		{1F86594B-5730-4508-9BC6-12531F492CCC}.Release|ARM.Build.0 = Release|Any CPU
		{1F86594B-5730-4508-9BC6-12531F492CCC}.Release|ARM.Deploy.0 = Release|Any CPU
		{1F86594B-5730-4508-9BC6-12531F492CCC}.Release|iPhone.ActiveCfg = Release|Any CPU
		{1F86594B-5730-4508-9BC6-12531F492CCC}.Release|iPhone.Build.0 = Release|Any CPU
		{1F86594B-5730-4508-9BC6-12531F492CCC}.Release|iPhone.Deploy.0 = Release|Any CPU
		{1F86594B-5730-4508-9BC6-12531F492CCC}.Release|iPhoneSimulator.ActiveCfg = Release|Any CPU
		{1F86594B-5730-4508-9BC6-12531F492CCC}.Release|iPhoneSimulator.Build.0 = Release|Any CPU
		{1F86594B-5730-4508-9BC6-12531F492CCC}.Release|iPhoneSimulator.Deploy.0 = Release|Any CPU
		{1F86594B-5730-4508-9BC6-12531F492CCC}.Release|x64.ActiveCfg = Release|Any CPU
		{1F86594B-5730-4508-9BC6-12531F492CCC}.Release|x64.Build.0 = Release|Any CPU
		{1F86594B-5730-4508-9BC6-12531F492CCC}.Release|x64.Deploy.0 = Release|Any CPU
		{1F86594B-5730-4508-9BC6-12531F492CCC}.Release|x86.ActiveCfg = Release|Any CPU
		{1F86594B-5730-4508-9BC6-12531F492CCC}.Release|x86.Build.0 = Release|Any CPU
		{1F86594B-5730-4508-9BC6-12531F492CCC}.Release|x86.Deploy.0 = Release|Any CPU
		{EED05ADA-621C-4C9E-8D07-57E20DA65F61}.Ad-Hoc|Any CPU.ActiveCfg = Release|Any CPU
		{EED05ADA-621C-4C9E-8D07-57E20DA65F61}.Ad-Hoc|Any CPU.Build.0 = Release|Any CPU
		{EED05ADA-621C-4C9E-8D07-57E20DA65F61}.Ad-Hoc|ARM.ActiveCfg = Release|Any CPU
		{EED05ADA-621C-4C9E-8D07-57E20DA65F61}.Ad-Hoc|ARM.Build.0 = Release|Any CPU
		{EED05ADA-621C-4C9E-8D07-57E20DA65F61}.Ad-Hoc|iPhone.ActiveCfg = Release|Any CPU
		{EED05ADA-621C-4C9E-8D07-57E20DA65F61}.Ad-Hoc|iPhone.Build.0 = Release|Any CPU
		{EED05ADA-621C-4C9E-8D07-57E20DA65F61}.Ad-Hoc|iPhoneSimulator.ActiveCfg = Debug|Any CPU
		{EED05ADA-621C-4C9E-8D07-57E20DA65F61}.Ad-Hoc|iPhoneSimulator.Build.0 = Debug|Any CPU
		{EED05ADA-621C-4C9E-8D07-57E20DA65F61}.Ad-Hoc|x64.ActiveCfg = Release|Any CPU
		{EED05ADA-621C-4C9E-8D07-57E20DA65F61}.Ad-Hoc|x64.Build.0 = Release|Any CPU
		{EED05ADA-621C-4C9E-8D07-57E20DA65F61}.Ad-Hoc|x86.ActiveCfg = Release|Any CPU
		{EED05ADA-621C-4C9E-8D07-57E20DA65F61}.Ad-Hoc|x86.Build.0 = Release|Any CPU
		{EED05ADA-621C-4C9E-8D07-57E20DA65F61}.AppStore|Any CPU.ActiveCfg = Release|Any CPU
		{EED05ADA-621C-4C9E-8D07-57E20DA65F61}.AppStore|Any CPU.Build.0 = Release|Any CPU
		{EED05ADA-621C-4C9E-8D07-57E20DA65F61}.AppStore|ARM.ActiveCfg = Release|Any CPU
		{EED05ADA-621C-4C9E-8D07-57E20DA65F61}.AppStore|ARM.Build.0 = Release|Any CPU
		{EED05ADA-621C-4C9E-8D07-57E20DA65F61}.AppStore|iPhone.ActiveCfg = Release|Any CPU
		{EED05ADA-621C-4C9E-8D07-57E20DA65F61}.AppStore|iPhone.Build.0 = Release|Any CPU
		{EED05ADA-621C-4C9E-8D07-57E20DA65F61}.AppStore|iPhoneSimulator.ActiveCfg = Release|Any CPU
		{EED05ADA-621C-4C9E-8D07-57E20DA65F61}.AppStore|iPhoneSimulator.Build.0 = Release|Any CPU
		{EED05ADA-621C-4C9E-8D07-57E20DA65F61}.AppStore|x64.ActiveCfg = Release|Any CPU
		{EED05ADA-621C-4C9E-8D07-57E20DA65F61}.AppStore|x64.Build.0 = Release|Any CPU
		{EED05ADA-621C-4C9E-8D07-57E20DA65F61}.AppStore|x86.ActiveCfg = Release|Any CPU
		{EED05ADA-621C-4C9E-8D07-57E20DA65F61}.AppStore|x86.Build.0 = Release|Any CPU
		{EED05ADA-621C-4C9E-8D07-57E20DA65F61}.DaveiPhone|Any CPU.ActiveCfg = DaveiPhone|Any CPU
		{EED05ADA-621C-4C9E-8D07-57E20DA65F61}.DaveiPhone|Any CPU.Build.0 = DaveiPhone|Any CPU
		{EED05ADA-621C-4C9E-8D07-57E20DA65F61}.DaveiPhone|ARM.ActiveCfg = DaveiPhone|Any CPU
		{EED05ADA-621C-4C9E-8D07-57E20DA65F61}.DaveiPhone|ARM.Build.0 = DaveiPhone|Any CPU
		{EED05ADA-621C-4C9E-8D07-57E20DA65F61}.DaveiPhone|iPhone.ActiveCfg = DaveiPhone|Any CPU
		{EED05ADA-621C-4C9E-8D07-57E20DA65F61}.DaveiPhone|iPhone.Build.0 = DaveiPhone|Any CPU
		{EED05ADA-621C-4C9E-8D07-57E20DA65F61}.DaveiPhone|iPhoneSimulator.ActiveCfg = DaveiPhone|Any CPU
		{EED05ADA-621C-4C9E-8D07-57E20DA65F61}.DaveiPhone|iPhoneSimulator.Build.0 = DaveiPhone|Any CPU
		{EED05ADA-621C-4C9E-8D07-57E20DA65F61}.DaveiPhone|x64.ActiveCfg = DaveiPhone|Any CPU
		{EED05ADA-621C-4C9E-8D07-57E20DA65F61}.DaveiPhone|x64.Build.0 = DaveiPhone|Any CPU
		{EED05ADA-621C-4C9E-8D07-57E20DA65F61}.DaveiPhone|x86.ActiveCfg = DaveiPhone|Any CPU
		{EED05ADA-621C-4C9E-8D07-57E20DA65F61}.DaveiPhone|x86.Build.0 = DaveiPhone|Any CPU
		{EED05ADA-621C-4C9E-8D07-57E20DA65F61}.Debug|Any CPU.ActiveCfg = Debug|Any CPU
		{EED05ADA-621C-4C9E-8D07-57E20DA65F61}.Debug|Any CPU.Build.0 = Debug|Any CPU
		{EED05ADA-621C-4C9E-8D07-57E20DA65F61}.Debug|ARM.ActiveCfg = Debug|Any CPU
		{EED05ADA-621C-4C9E-8D07-57E20DA65F61}.Debug|ARM.Build.0 = Debug|Any CPU
		{EED05ADA-621C-4C9E-8D07-57E20DA65F61}.Debug|iPhone.ActiveCfg = Debug|Any CPU
		{EED05ADA-621C-4C9E-8D07-57E20DA65F61}.Debug|iPhone.Build.0 = Debug|Any CPU
		{EED05ADA-621C-4C9E-8D07-57E20DA65F61}.Debug|iPhoneSimulator.ActiveCfg = Debug|Any CPU
		{EED05ADA-621C-4C9E-8D07-57E20DA65F61}.Debug|iPhoneSimulator.Build.0 = Debug|Any CPU
		{EED05ADA-621C-4C9E-8D07-57E20DA65F61}.Debug|x64.ActiveCfg = Debug|Any CPU
		{EED05ADA-621C-4C9E-8D07-57E20DA65F61}.Debug|x64.Build.0 = Debug|Any CPU
		{EED05ADA-621C-4C9E-8D07-57E20DA65F61}.Debug|x86.ActiveCfg = Debug|Any CPU
		{EED05ADA-621C-4C9E-8D07-57E20DA65F61}.Debug|x86.Build.0 = Debug|Any CPU
		{EED05ADA-621C-4C9E-8D07-57E20DA65F61}.Release|Any CPU.ActiveCfg = Release|Any CPU
		{EED05ADA-621C-4C9E-8D07-57E20DA65F61}.Release|Any CPU.Build.0 = Release|Any CPU
		{EED05ADA-621C-4C9E-8D07-57E20DA65F61}.Release|ARM.ActiveCfg = Release|Any CPU
		{EED05ADA-621C-4C9E-8D07-57E20DA65F61}.Release|ARM.Build.0 = Release|Any CPU
		{EED05ADA-621C-4C9E-8D07-57E20DA65F61}.Release|iPhone.ActiveCfg = Release|Any CPU
		{EED05ADA-621C-4C9E-8D07-57E20DA65F61}.Release|iPhone.Build.0 = Release|Any CPU
		{EED05ADA-621C-4C9E-8D07-57E20DA65F61}.Release|iPhoneSimulator.ActiveCfg = Release|Any CPU
		{EED05ADA-621C-4C9E-8D07-57E20DA65F61}.Release|iPhoneSimulator.Build.0 = Release|Any CPU
		{EED05ADA-621C-4C9E-8D07-57E20DA65F61}.Release|x64.ActiveCfg = Release|Any CPU
		{EED05ADA-621C-4C9E-8D07-57E20DA65F61}.Release|x64.Build.0 = Release|Any CPU
		{EED05ADA-621C-4C9E-8D07-57E20DA65F61}.Release|x86.ActiveCfg = Release|Any CPU
		{EED05ADA-621C-4C9E-8D07-57E20DA65F61}.Release|x86.Build.0 = Release|Any CPU
		{517FCCC7-F9F7-4219-B686-E1F47249EFCA}.Ad-Hoc|Any CPU.ActiveCfg = Ad-Hoc|iPhoneSimulator
		{517FCCC7-F9F7-4219-B686-E1F47249EFCA}.Ad-Hoc|ARM.ActiveCfg = Ad-Hoc|iPhone
		{517FCCC7-F9F7-4219-B686-E1F47249EFCA}.Ad-Hoc|iPhone.ActiveCfg = Ad-Hoc|iPhone
		{517FCCC7-F9F7-4219-B686-E1F47249EFCA}.Ad-Hoc|iPhone.Build.0 = Ad-Hoc|iPhone
		{517FCCC7-F9F7-4219-B686-E1F47249EFCA}.Ad-Hoc|iPhoneSimulator.ActiveCfg = Debug|iPhoneSimulator
		{517FCCC7-F9F7-4219-B686-E1F47249EFCA}.Ad-Hoc|iPhoneSimulator.Build.0 = Debug|iPhoneSimulator
		{517FCCC7-F9F7-4219-B686-E1F47249EFCA}.Ad-Hoc|x64.ActiveCfg = Ad-Hoc|iPhone
		{517FCCC7-F9F7-4219-B686-E1F47249EFCA}.Ad-Hoc|x86.ActiveCfg = Ad-Hoc|iPhone
		{517FCCC7-F9F7-4219-B686-E1F47249EFCA}.AppStore|Any CPU.ActiveCfg = AppStore|iPhoneSimulator
		{517FCCC7-F9F7-4219-B686-E1F47249EFCA}.AppStore|ARM.ActiveCfg = AppStore|iPhone
		{517FCCC7-F9F7-4219-B686-E1F47249EFCA}.AppStore|iPhone.ActiveCfg = AppStore|iPhone
		{517FCCC7-F9F7-4219-B686-E1F47249EFCA}.AppStore|iPhone.Build.0 = AppStore|iPhone
		{517FCCC7-F9F7-4219-B686-E1F47249EFCA}.AppStore|iPhoneSimulator.ActiveCfg = AppStore|iPhoneSimulator
		{517FCCC7-F9F7-4219-B686-E1F47249EFCA}.AppStore|iPhoneSimulator.Build.0 = AppStore|iPhoneSimulator
		{517FCCC7-F9F7-4219-B686-E1F47249EFCA}.AppStore|x64.ActiveCfg = AppStore|iPhone
		{517FCCC7-F9F7-4219-B686-E1F47249EFCA}.AppStore|x86.ActiveCfg = AppStore|iPhone
		{517FCCC7-F9F7-4219-B686-E1F47249EFCA}.DaveiPhone|Any CPU.ActiveCfg = DaveiPhone|iPhoneSimulator
		{517FCCC7-F9F7-4219-B686-E1F47249EFCA}.DaveiPhone|Any CPU.Build.0 = DaveiPhone|iPhoneSimulator
		{517FCCC7-F9F7-4219-B686-E1F47249EFCA}.DaveiPhone|ARM.ActiveCfg = DaveiPhone|iPhone
		{517FCCC7-F9F7-4219-B686-E1F47249EFCA}.DaveiPhone|iPhone.ActiveCfg = DaveiPhone|iPhone
		{517FCCC7-F9F7-4219-B686-E1F47249EFCA}.DaveiPhone|iPhone.Build.0 = DaveiPhone|iPhone
		{517FCCC7-F9F7-4219-B686-E1F47249EFCA}.DaveiPhone|iPhoneSimulator.ActiveCfg = DaveiPhone|iPhoneSimulator
		{517FCCC7-F9F7-4219-B686-E1F47249EFCA}.DaveiPhone|iPhoneSimulator.Build.0 = DaveiPhone|iPhoneSimulator
		{517FCCC7-F9F7-4219-B686-E1F47249EFCA}.DaveiPhone|x64.ActiveCfg = DaveiPhone|iPhone
		{517FCCC7-F9F7-4219-B686-E1F47249EFCA}.DaveiPhone|x86.ActiveCfg = DaveiPhone|iPhone
		{517FCCC7-F9F7-4219-B686-E1F47249EFCA}.Debug|Any CPU.ActiveCfg = Debug|iPhoneSimulator
		{517FCCC7-F9F7-4219-B686-E1F47249EFCA}.Debug|ARM.ActiveCfg = Debug|iPhone
		{517FCCC7-F9F7-4219-B686-E1F47249EFCA}.Debug|iPhone.ActiveCfg = Debug|iPhone
		{517FCCC7-F9F7-4219-B686-E1F47249EFCA}.Debug|iPhone.Build.0 = Debug|iPhone
		{517FCCC7-F9F7-4219-B686-E1F47249EFCA}.Debug|iPhoneSimulator.ActiveCfg = Debug|iPhoneSimulator
		{517FCCC7-F9F7-4219-B686-E1F47249EFCA}.Debug|iPhoneSimulator.Build.0 = Debug|iPhoneSimulator
		{517FCCC7-F9F7-4219-B686-E1F47249EFCA}.Debug|x64.ActiveCfg = Debug|iPhone
		{517FCCC7-F9F7-4219-B686-E1F47249EFCA}.Debug|x86.ActiveCfg = Debug|iPhone
		{517FCCC7-F9F7-4219-B686-E1F47249EFCA}.Release|Any CPU.ActiveCfg = Release|iPhoneSimulator
		{517FCCC7-F9F7-4219-B686-E1F47249EFCA}.Release|ARM.ActiveCfg = Release|iPhone
		{517FCCC7-F9F7-4219-B686-E1F47249EFCA}.Release|iPhone.ActiveCfg = Release|iPhone
		{517FCCC7-F9F7-4219-B686-E1F47249EFCA}.Release|iPhone.Build.0 = Release|iPhone
		{517FCCC7-F9F7-4219-B686-E1F47249EFCA}.Release|iPhoneSimulator.ActiveCfg = Release|iPhoneSimulator
		{517FCCC7-F9F7-4219-B686-E1F47249EFCA}.Release|iPhoneSimulator.Build.0 = Release|iPhoneSimulator
		{517FCCC7-F9F7-4219-B686-E1F47249EFCA}.Release|x64.ActiveCfg = Release|iPhone
		{517FCCC7-F9F7-4219-B686-E1F47249EFCA}.Release|x86.ActiveCfg = Release|iPhone
	EndGlobalSection
	GlobalSection(SolutionProperties) = preSolution
		HideSolutionNode = FALSE
	EndGlobalSection
	GlobalSection(ExtensibilityGlobals) = postSolution
		SolutionGuid = {73EC3544-6ACF-4016-81A0-75B0BB4ECF9B}
	EndGlobalSection
EndGlobal
